
Microsoft Visual Studio Solution File, Format Version 10.00
# Visual Studio 2008
Project("{FAE04EC0-301F-11D3-BF4B-00C04F79EFBC}") = "DersDemo_CSS_FullSiteDemo", "DersDemo_CSS_FullSiteDemo\DersDemo_CSS_FullSiteDemo.csproj", "{B1ABE66E-2C7C-48D3-A9AC-62870C324425}"
EndProject
Global
	GlobalSection(SolutionConfigurationPlatforms) = preSolution
		Debug|Any CPU = Debug|Any CPU
		Release|Any CPU = Release|Any CPU
	EndGlobalSection
	GlobalSection(ProjectConfigurationPlatforms) = postSolution
		{B1ABE66E-2C7C-48D3-A9AC-62870C324425}.Debug|Any CPU.ActiveCfg = Debug|Any CPU
		{B1ABE66E-2C7C-48D3-A9AC-62870C324425}.Debug|Any CPU.Build.0 = Debug|Any CPU
		{B1ABE66E-2C7C-48D3-A9AC-62870C324425}.Release|Any CPU.ActiveCfg = Release|Any CPU
		{B1ABE66E-2C7C-48D3-A9AC-62870C324425}.Release|Any CPU.Build.0 = Release|Any CPU
	EndGlobalSection
	GlobalSection(SolutionProperties) = preSolution
		HideSolutionNode = FALSE
	EndGlobalSection
EndGlobal
