
Microsoft Visual Studio Solution File, Format Version 10.00
# Visual Studio 2008
Project("{FAE04EC0-301F-11D3-BF4B-00C04F79EFBC}") = "DersDemo_Css_IcIceGecmis", "DersDemo_Css_IcIceGecmis\DersDemo_Css_IcIceGecmis.csproj", "{DC88CFB0-E07A-484F-94EE-3A1363DA88AE}"
EndProject
Global
	GlobalSection(SolutionConfigurationPlatforms) = preSolution
		Debug|Any CPU = Debug|Any CPU
		Release|Any CPU = Release|Any CPU
	EndGlobalSection
	GlobalSection(ProjectConfigurationPlatforms) = postSolution
		{DC88CFB0-E07A-484F-94EE-3A1363DA88AE}.Debug|Any CPU.ActiveCfg = Debug|Any CPU
		{DC88CFB0-E07A-484F-94EE-3A1363DA88AE}.Debug|Any CPU.Build.0 = Debug|Any CPU
		{DC88CFB0-E07A-484F-94EE-3A1363DA88AE}.Release|Any CPU.ActiveCfg = Release|Any CPU
		{DC88CFB0-E07A-484F-94EE-3A1363DA88AE}.Release|Any CPU.Build.0 = Release|Any CPU
	EndGlobalSection
	GlobalSection(SolutionProperties) = preSolution
		HideSolutionNode = FALSE
	EndGlobalSection
EndGlobal
