
Microsoft Visual Studio Solution File, Format Version 10.00
# Visual Studio 2008
Project("{FAE04EC0-301F-11D3-BF4B-00C04F79EFBC}") = "DersDemo_CSS_First", "DersDemo_CSS_First\DersDemo_CSS_First.csproj", "{F939515F-04B5-4B43-9452-E084061B3357}"
EndProject
Global
	GlobalSection(SolutionConfigurationPlatforms) = preSolution
		Debug|Any CPU = Debug|Any CPU
		Release|Any CPU = Release|Any CPU
	EndGlobalSection
	GlobalSection(ProjectConfigurationPlatforms) = postSolution
		{F939515F-04B5-4B43-9452-E084061B3357}.Debug|Any CPU.ActiveCfg = Debug|Any CPU
		{F939515F-04B5-4B43-9452-E084061B3357}.Debug|Any CPU.Build.0 = Debug|Any CPU
		{F939515F-04B5-4B43-9452-E084061B3357}.Release|Any CPU.ActiveCfg = Release|Any CPU
		{F939515F-04B5-4B43-9452-E084061B3357}.Release|Any CPU.Build.0 = Release|Any CPU
	EndGlobalSection
	GlobalSection(SolutionProperties) = preSolution
		HideSolutionNode = FALSE
	EndGlobalSection
EndGlobal
